
Microsoft Visual Studio Solution File, Format Version 11.00
# Visual Studio 2010
Project("{FAE04EC0-301F-11D3-BF4B-00C04F79EFBC}") = "EchoService", "Services\EchoService\EchoService.csproj", "{9B5EEFCE-62AC-48E3-ACA7-485C051FF9EA}"
EndProject
Project("{FAE04EC0-301F-11D3-BF4B-00C04F79EFBC}") = "Stead", "Stead\Stead.csproj", "{8AF22C0A-79C5-422B-A033-037C68055EEB}"
EndProject
Global
	GlobalSection(SolutionConfigurationPlatforms) = preSolution
		Debug|Any CPU = Debug|Any CPU
		Debug|Mixed Platforms = Debug|Mixed Platforms
		Debug|x86 = Debug|x86
		Release|Any CPU = Release|Any CPU
		Release|Mixed Platforms = Release|Mixed Platforms
		Release|x86 = Release|x86
	EndGlobalSection
	GlobalSection(ProjectConfigurationPlatforms) = postSolution
		{9B5EEFCE-62AC-48E3-ACA7-485C051FF9EA}.Debug|Any CPU.ActiveCfg = Debug|x86
		{9B5EEFCE-62AC-48E3-ACA7-485C051FF9EA}.Debug|Mixed Platforms.ActiveCfg = Debug|x86
		{9B5EEFCE-62AC-48E3-ACA7-485C051FF9EA}.Debug|Mixed Platforms.Build.0 = Debug|x86
		{9B5EEFCE-62AC-48E3-ACA7-485C051FF9EA}.Debug|x86.ActiveCfg = Debug|x86
		{9B5EEFCE-62AC-48E3-ACA7-485C051FF9EA}.Debug|x86.Build.0 = Debug|x86
		{9B5EEFCE-62AC-48E3-ACA7-485C051FF9EA}.Release|Any CPU.ActiveCfg = Release|x86
		{9B5EEFCE-62AC-48E3-ACA7-485C051FF9EA}.Release|Mixed Platforms.ActiveCfg = Release|x86
		{9B5EEFCE-62AC-48E3-ACA7-485C051FF9EA}.Release|Mixed Platforms.Build.0 = Release|x86
		{9B5EEFCE-62AC-48E3-ACA7-485C051FF9EA}.Release|x86.ActiveCfg = Release|x86
		{9B5EEFCE-62AC-48E3-ACA7-485C051FF9EA}.Release|x86.Build.0 = Release|x86
		{8AF22C0A-79C5-422B-A033-037C68055EEB}.Debug|Any CPU.ActiveCfg = Debug|Any CPU
		{8AF22C0A-79C5-422B-A033-037C68055EEB}.Debug|Any CPU.Build.0 = Debug|Any CPU
		{8AF22C0A-79C5-422B-A033-037C68055EEB}.Debug|Mixed Platforms.ActiveCfg = Debug|Any CPU
		{8AF22C0A-79C5-422B-A033-037C68055EEB}.Debug|Mixed Platforms.Build.0 = Debug|Any CPU
		{8AF22C0A-79C5-422B-A033-037C68055EEB}.Debug|x86.ActiveCfg = Debug|Any CPU
		{8AF22C0A-79C5-422B-A033-037C68055EEB}.Release|Any CPU.ActiveCfg = Release|Any CPU
		{8AF22C0A-79C5-422B-A033-037C68055EEB}.Release|Any CPU.Build.0 = Release|Any CPU
		{8AF22C0A-79C5-422B-A033-037C68055EEB}.Release|Mixed Platforms.ActiveCfg = Release|Any CPU
		{8AF22C0A-79C5-422B-A033-037C68055EEB}.Release|Mixed Platforms.Build.0 = Release|Any CPU
		{8AF22C0A-79C5-422B-A033-037C68055EEB}.Release|x86.ActiveCfg = Release|Any CPU
	EndGlobalSection
	GlobalSection(SolutionProperties) = preSolution
		HideSolutionNode = FALSE
	EndGlobalSection
EndGlobal
